version = 1
revision = 3
requires-python = ">=3.7"
resolution-markers = [
    "python_full_version >= '3.9'",
    "python_full_version == '3.8.*'",
    "python_full_version < '3.8'",
]

[[package]]
name = "tp-matdis"
version = "1.0.0"
source = { editable = "." }

[package.metadata]

[package.metadata.requires-dev]
dev = []
